
Microsoft Visual Studio Solution File, Format Version 12.00
# Visual Studio Version 16
VisualStudioVersion = 16.0.29613.14
MinimumVisualStudioVersion = 10.0.40219.1
Project("{FAE04EC0-301F-11D3-BF4B-00C04F79EFBC}") = "ContainsLink2", "ContainsLink2\ContainsLink2.csproj", "{F0F94B85-2F2E-4049-9BBC-79E929AB112F}"
EndProject
Global
	GlobalSection(SolutionConfigurationPlatforms) = preSolution
		Debug|Any CPU = Debug|Any CPU
		Release|Any CPU = Release|Any CPU
	EndGlobalSection
	GlobalSection(ProjectConfigurationPlatforms) = postSolution
		{F0F94B85-2F2E-4049-9BBC-79E929AB112F}.Debug|Any CPU.ActiveCfg = Debug|Any CPU
		{F0F94B85-2F2E-4049-9BBC-79E929AB112F}.Debug|Any CPU.Build.0 = Debug|Any CPU
		{F0F94B85-2F2E-4049-9BBC-79E929AB112F}.Release|Any CPU.ActiveCfg = Release|Any CPU
		{F0F94B85-2F2E-4049-9BBC-79E929AB112F}.Release|Any CPU.Build.0 = Release|Any CPU
	EndGlobalSection
	GlobalSection(SolutionProperties) = preSolution
		HideSolutionNode = FALSE
	EndGlobalSection
	GlobalSection(ExtensibilityGlobals) = postSolution
		SolutionGuid = {6CA6CE7E-13B1-429D-8251-19F58E142F2B}
	EndGlobalSection
EndGlobal
